<?xml version="1.0" encoding="utf-8"?>
<Project ToolsVersion="4.0" xmlns="http://schemas.microsoft.com/developer/msbuild/2003">
  <ItemGroup>
    <Filter Include="Source Files">
      <UniqueIdentifier>{4FC737F1-C7A5-4376-A066-2A32D752A2FF}</UniqueIdentifier>
      <Extensions>cpp;c;cc;cxx;c++;cppm;ixx;def;odl;idl;hpj;bat;asm;asmx</Extensions>
    </Filter>
    <Filter Include="Header Files">
      <UniqueIdentifier>{93995380-89BD-4b04-88EB-625FBE52EBFB}</UniqueIdentifier>
      <Extensions>h;hh;hpp;hxx;h++;hm;inl;inc;ipp;xsd</Extensions>
    </Filter>
    <Filter Include="Resource Files">
      <UniqueIdentifier>{67DA6AB6-F800-4c08-8B7A-83BB121AAD01}</UniqueIdentifier>
      <Extensions>rc;ico;cur;bmp;dlg;rc2;rct;bin;rgs;gif;jpg;jpeg;jpe;resx;tiff;tif;png;wav;mfcribbon-ms</Extensions>
    </Filter>
  </ItemGroup>
  <ItemGroup>
    <ClCompile Include="Renderer\Renderer.cpp">
      <Filter>Source Files</Filter>
    </ClCompile>
    <ClCompile Include="Renderer\Sprites\Grass.cpp">
      <Filter>Source Files</Filter>
    </ClCompile>
    <ClCompile Include="Renderer\Sprites\Dirt.cpp">
      <Filter>Source Files</Filter>
    </ClCompile>
    <ClCompile Include="Editor\Ui\Sprites\Backround.cpp">
      <Filter>Source Files</Filter>
    </ClCompile>
    <ClCompile Include="Renderer\Sprites\Tree_1.cpp">
      <Filter>Source Files</Filter>
    </ClCompile>
    <ClCompile Include="Renderer\Sprites\Tree_2.cpp">
      <Filter>Source Files</Filter>
    </ClCompile>
    <ClCompile Include="Renderer\Sprites\Moutain.cpp">
      <Filter>Source Files</Filter>
    </ClCompile>
    <ClCompile Include="Player\Sprites\BillyFront.cpp">
      <Filter>Source Files</Filter>
    </ClCompile>
    <ClCompile Include="Player\Input\Movement.cpp">
      <Filter>Source Files</Filter>
    </ClCompile>
    <ClCompile Include="Player\Sprites\BillyLeft.cpp">
      <Filter>Source Files</Filter>
    </ClCompile>
    <ClCompile Include="Player\Sprites\BillyRight.cpp">
      <Filter>Source Files</Filter>
    </ClCompile>
    <ClCompile Include="Player\Sprites\BillyJump.cpp">
      <Filter>Source Files</Filter>
    </ClCompile>
    <ClCompile Include="Player\Sprites\BillyFall.cpp">
      <Filter>Source Files</Filter>
    </ClCompile>
    <ClCompile Include="Physics\Rigidbodys\Gravity.cpp">
      <Filter>Source Files</Filter>
    </ClCompile>
    <ClCompile Include="Renderer\Camera\Camera.cpp">
      <Filter>Source Files</Filter>
    </ClCompile>
    <ClCompile Include="Physics\Collision\Collision.cpp">
      <Filter>Source Files</Filter>
    </ClCompile>
  </ItemGroup>
  <ItemGroup>
    <ClInclude Include="Renderer\Sprites\Resources\Grass.h">
      <Filter>Header Files</Filter>
    </ClInclude>
    <ClInclude Include="Renderer\Sprites\Resources\Dirt.h">
      <Filter>Header Files</Filter>
    </ClInclude>
    <ClInclude Include="Editor\Ui\Sprites\Backround.h">
      <Filter>Header Files</Filter>
    </ClInclude>
    <ClInclude Include="Renderer\Sprites\Resources\Tree_1.h">
      <Filter>Header Files</Filter>
    </ClInclude>
    <ClInclude Include="Renderer\Sprites\Resources\Tree_2.h">
      <Filter>Header Files</Filter>
    </ClInclude>
    <ClInclude Include="Renderer\Sprites\Resources\Mountain.h">
      <Filter>Header Files</Filter>
    </ClInclude>
    <ClInclude Include="Player\Sprites\Resources\BillyFront.h">
      <Filter>Header Files</Filter>
    </ClInclude>
    <ClInclude Include="Player\Input\Resources\Movement.h">
      <Filter>Header Files</Filter>
    </ClInclude>
    <ClInclude Include="Player\Sprites\Resources\BillyJump.h">
      <Filter>Header Files</Filter>
    </ClInclude>
    <ClInclude Include="Player\Sprites\Resources\BillyLeft.h">
      <Filter>Header Files</Filter>
    </ClInclude>
    <ClInclude Include="Player\Sprites\Resources\BillyRight.h">
      <Filter>Header Files</Filter>
    </ClInclude>
    <ClInclude Include="Player\Sprites\Resources\BillyFall.h">
      <Filter>Header Files</Filter>
    </ClInclude>
    <ClInclude Include="Physics\Rigidbodys\Resources\Gravity.h">
      <Filter>Header Files</Filter>
    </ClInclude>
    <ClInclude Include="Renderer\Camera\Resources\Camera.h">
      <Filter>Header Files</Filter>
    </ClInclude>
    <ClInclude Include="Physics\Collision\Resources\Collision.h">
      <Filter>Header Files</Filter>
    </ClInclude>
  </ItemGroup>
</Project>